
Microsoft Visual Studio Solution File, Format Version 12.00
# Visual Studio 15
Project("{FAE04EC0-301F-11D3-BF4B-00C04F79EFBC}") = "aspnetDemo1", "aspnetDemo1.csproj", "{1E6C7F8C-31EB-4E23-BD90-360BF386CE73}"
EndProject
Global
	GlobalSection(SolutionConfigurationPlatforms) = preSolution
		Debug|Any CPU = Debug|Any CPU
		Release|Any CPU = Release|Any CPU
	EndGlobalSection
	GlobalSection(ProjectConfigurationPlatforms) = postSolution
		{1E6C7F8C-31EB-4E23-BD90-360BF386CE73}.Debug|Any CPU.ActiveCfg = Debug|Any CPU
		{1E6C7F8C-31EB-4E23-BD90-360BF386CE73}.Debug|Any CPU.Build.0 = Debug|Any CPU
		{1E6C7F8C-31EB-4E23-BD90-360BF386CE73}.Release|Any CPU.ActiveCfg = Release|Any CPU
		{1E6C7F8C-31EB-4E23-BD90-360BF386CE73}.Release|Any CPU.Build.0 = Release|Any CPU
	EndGlobalSection
EndGlobal
